// !$*UTF8*$!
{
	archiveVersion = 1;
	classes = {
	};
	objectVersion = 52;
	objects = {

/* Begin PBXBuildFile section */
		96B4731A486432E0E9F80021 /* Pods_SimpleMarket.framework in Frameworks */ = {isa = PBXBuildFile; fileRef = 358279ADA1F0B27071F0AA19 /* Pods_SimpleMarket.framework */; };
		AA1903452634A84B00230B73 /* ProductAPIRequest.swift in Sources */ = {isa = PBXBuildFile; fileRef = AA1903442634A84B00230B73 /* ProductAPIRequest.swift */; };
		AA1903552634AAB500230B73 /* Double+Formatting.swift in Sources */ = {isa = PBXBuildFile; fileRef = AA1903542634AAB500230B73 /* Double+Formatting.swift */; };
		AA3B4A2D26355448000C51E6 /* Realm in Frameworks */ = {isa = PBXBuildFile; productRef = AA3B4A2C26355448000C51E6 /* Realm */; };
		AA3B4A2F26355448000C51E6 /* RealmSwift in Frameworks */ = {isa = PBXBuildFile; productRef = AA3B4A2E26355448000C51E6 /* RealmSwift */; };
		AA64969B2634CD5D0067FB03 /* OrderItemRepository.swift in Sources */ = {isa = PBXBuildFile; fileRef = AA64969A2634CD5D0067FB03 /* OrderItemRepository.swift */; };
		AA64969F2634CE4F0067FB03 /* ProductRepository.swift in Sources */ = {isa = PBXBuildFile; fileRef = AA64969E2634CE4F0067FB03 /* ProductRepository.swift */; };
		AA6496A32634D56E0067FB03 /* UserDefaultsProtocol.swift in Sources */ = {isa = PBXBuildFile; fileRef = AA6496A22634D56E0067FB03 /* UserDefaultsProtocol.swift */; };
		AA6496A62634D83A0067FB03 /* UITableView+Register.swift in Sources */ = {isa = PBXBuildFile; fileRef = AA6496A52634D83A0067FB03 /* UITableView+Register.swift */; };
		AA7856FA26345710007A261D /* AppDelegate.swift in Sources */ = {isa = PBXBuildFile; fileRef = AA7856F926345710007A261D /* AppDelegate.swift */; };
		AA7856FC26345710007A261D /* SceneDelegate.swift in Sources */ = {isa = PBXBuildFile; fileRef = AA7856FB26345710007A261D /* SceneDelegate.swift */; };
		AA78570326345711007A261D /* Assets.xcassets in Resources */ = {isa = PBXBuildFile; fileRef = AA78570226345711007A261D /* Assets.xcassets */; };
		AA78570626345711007A261D /* LaunchScreen.storyboard in Resources */ = {isa = PBXBuildFile; fileRef = AA78570426345711007A261D /* LaunchScreen.storyboard */; };
		AA8DFB572634599900260F6F /* MarketViewController.swift in Sources */ = {isa = PBXBuildFile; fileRef = AA8DFB562634599900260F6F /* MarketViewController.swift */; };
		AA8DFB5B263459A300260F6F /* MarketPresenter.swift in Sources */ = {isa = PBXBuildFile; fileRef = AA8DFB5A263459A300260F6F /* MarketPresenter.swift */; };
		AA8DFB5E263459AD00260F6F /* MarketCoordinator.swift in Sources */ = {isa = PBXBuildFile; fileRef = AA8DFB5D263459AD00260F6F /* MarketCoordinator.swift */; };
		AA8DFB6226345AB200260F6F /* Coordinator.swift in Sources */ = {isa = PBXBuildFile; fileRef = AA8DFB6126345AB200260F6F /* Coordinator.swift */; };
		AA8DFB6726345B8E00260F6F /* MarketCell.swift in Sources */ = {isa = PBXBuildFile; fileRef = AA8DFB6626345B8E00260F6F /* MarketCell.swift */; };
		AA8DFB6E26345DAF00260F6F /* Images.swift in Sources */ = {isa = PBXBuildFile; fileRef = AA8DFB6D26345DAF00260F6F /* Images.swift */; };
		AA8DFB722634937D00260F6F /* UICollectionView+Register.swift in Sources */ = {isa = PBXBuildFile; fileRef = AA8DFB712634937D00260F6F /* UICollectionView+Register.swift */; };
		AA8DFB75263494A500260F6F /* UIView+Constraints.swift in Sources */ = {isa = PBXBuildFile; fileRef = AA8DFB74263494A500260F6F /* UIView+Constraints.swift */; };
		AA8DFB78263499CC00260F6F /* Product+Decodable.swift in Sources */ = {isa = PBXBuildFile; fileRef = AA8DFB77263499CC00260F6F /* Product+Decodable.swift */; };
		AA8DFB7C26349A7400260F6F /* Request.swift in Sources */ = {isa = PBXBuildFile; fileRef = AA8DFB7B26349A7400260F6F /* Request.swift */; };
		AA8DFB8026349ABF00260F6F /* Reachability.swift in Sources */ = {isa = PBXBuildFile; fileRef = AA8DFB7F26349ABF00260F6F /* Reachability.swift */; };
		AA8DFB8326349AF800260F6F /* NetworkError.swift in Sources */ = {isa = PBXBuildFile; fileRef = AA8DFB8226349AF800260F6F /* NetworkError.swift */; };
		AAD9B0002634BC0C00A7C4E4 /* CartViewController.swift in Sources */ = {isa = PBXBuildFile; fileRef = AAD9AFFF2634BC0C00A7C4E4 /* CartViewController.swift */; };
		AAD9B0032634BC2400A7C4E4 /* CartPresenter.swift in Sources */ = {isa = PBXBuildFile; fileRef = AAD9B0022634BC2400A7C4E4 /* CartPresenter.swift */; };
		AAD9B0062634BC2F00A7C4E4 /* CartCoordinator.swift in Sources */ = {isa = PBXBuildFile; fileRef = AAD9B0052634BC2F00A7C4E4 /* CartCoordinator.swift */; };
		AAD9B00A2634BCE200A7C4E4 /* CartCell.swift in Sources */ = {isa = PBXBuildFile; fileRef = AAD9B0092634BCE200A7C4E4 /* CartCell.swift */; };
		AAD9B00D2634BCF700A7C4E4 /* OrderItem.swift in Sources */ = {isa = PBXBuildFile; fileRef = AAD9B00C2634BCF700A7C4E4 /* OrderItem.swift */; };
		AAD9B0122634BD4A00A7C4E4 /* Order.swift in Sources */ = {isa = PBXBuildFile; fileRef = AAD9B0112634BD4A00A7C4E4 /* Order.swift */; };
		AAD9B0172634BDEB00A7C4E4 /* CoreDataStack.swift in Sources */ = {isa = PBXBuildFile; fileRef = AAD9B0162634BDEB00A7C4E4 /* CoreDataStack.swift */; };
		AAD9B01B2634BFF500A7C4E4 /* OrderRepository.swift in Sources */ = {isa = PBXBuildFile; fileRef = AAD9B01A2634BFF500A7C4E4 /* OrderRepository.swift */; };
		AAD9B0212634C25900A7C4E4 /* SimpleMarket.xcdatamodeld in Sources */ = {isa = PBXBuildFile; fileRef = AAD9B01F2634C25900A7C4E4 /* SimpleMarket.xcdatamodeld */; };
		AAD9B02B2634C4C000A7C4E4 /* ProductDB+CoreDataClass.swift in Sources */ = {isa = PBXBuildFile; fileRef = AAD9B0292634C4C000A7C4E4 /* ProductDB+CoreDataClass.swift */; };
		AAD9B0352634C72600A7C4E4 /* OrderItemDB+CoreDataClass.swift in Sources */ = {isa = PBXBuildFile; fileRef = AAD9B0342634C72600A7C4E4 /* OrderItemDB+CoreDataClass.swift */; };
		AAD9B0382634C7C900A7C4E4 /* OrderDB+CoreDataClass.swift in Sources */ = {isa = PBXBuildFile; fileRef = AAD9B0372634C7C900A7C4E4 /* OrderDB+CoreDataClass.swift */; };
		AAE431D226349CCF007461F0 /* URLHelper.swift in Sources */ = {isa = PBXBuildFile; fileRef = AAE431D126349CCF007461F0 /* URLHelper.swift */; };
		AAE431D626349D2D007461F0 /* ProductAPIManager.swift in Sources */ = {isa = PBXBuildFile; fileRef = AAE431D526349D2D007461F0 /* ProductAPIManager.swift */; };
		AAE431D926349D77007461F0 /* Product.swift in Sources */ = {isa = PBXBuildFile; fileRef = AAE431D826349D77007461F0 /* Product.swift */; };
		AAE431DD26349F6A007461F0 /* ProductEndpoint.swift in Sources */ = {isa = PBXBuildFile; fileRef = AAE431DC26349F6A007461F0 /* ProductEndpoint.swift */; };
/* End PBXBuildFile section */

/* Begin PBXFileReference section */
		1E2EBE90D6220FBEDAD7BCB2 /* Pods-SimpleMarket.release.xcconfig */ = {isa = PBXFileReference; includeInIndex = 1; lastKnownFileType = text.xcconfig; name = "Pods-SimpleMarket.release.xcconfig"; path = "Target Support Files/Pods-SimpleMarket/Pods-SimpleMarket.release.xcconfig"; sourceTree = "<group>"; };
		358279ADA1F0B27071F0AA19 /* Pods_SimpleMarket.framework */ = {isa = PBXFileReference; explicitFileType = wrapper.framework; includeInIndex = 0; path = Pods_SimpleMarket.framework; sourceTree = BUILT_PRODUCTS_DIR; };
		94BEFC9FFA514F430F50F0F4 /* Pods-SimpleMarket.debug.xcconfig */ = {isa = PBXFileReference; includeInIndex = 1; lastKnownFileType = text.xcconfig; name = "Pods-SimpleMarket.debug.xcconfig"; path = "Target Support Files/Pods-SimpleMarket/Pods-SimpleMarket.debug.xcconfig"; sourceTree = "<group>"; };
		AA1903442634A84B00230B73 /* ProductAPIRequest.swift */ = {isa = PBXFileReference; lastKnownFileType = sourcecode.swift; path = ProductAPIRequest.swift; sourceTree = "<group>"; };
		AA1903542634AAB500230B73 /* Double+Formatting.swift */ = {isa = PBXFileReference; lastKnownFileType = sourcecode.swift; path = "Double+Formatting.swift"; sourceTree = "<group>"; };
		AA64969A2634CD5D0067FB03 /* OrderItemRepository.swift */ = {isa = PBXFileReference; lastKnownFileType = sourcecode.swift; path = OrderItemRepository.swift; sourceTree = "<group>"; };
		AA64969E2634CE4F0067FB03 /* ProductRepository.swift */ = {isa = PBXFileReference; lastKnownFileType = sourcecode.swift; path = ProductRepository.swift; sourceTree = "<group>"; };
		AA6496A22634D56E0067FB03 /* UserDefaultsProtocol.swift */ = {isa = PBXFileReference; lastKnownFileType = sourcecode.swift; path = UserDefaultsProtocol.swift; sourceTree = "<group>"; };
		AA6496A52634D83A0067FB03 /* UITableView+Register.swift */ = {isa = PBXFileReference; lastKnownFileType = sourcecode.swift; path = "UITableView+Register.swift"; sourceTree = "<group>"; };
		AA7856F626345710007A261D /* SimpleMarket.app */ = {isa = PBXFileReference; explicitFileType = wrapper.application; includeInIndex = 0; path = SimpleMarket.app; sourceTree = BUILT_PRODUCTS_DIR; };
		AA7856F926345710007A261D /* AppDelegate.swift */ = {isa = PBXFileReference; lastKnownFileType = sourcecode.swift; path = AppDelegate.swift; sourceTree = "<group>"; };
		AA7856FB26345710007A261D /* SceneDelegate.swift */ = {isa = PBXFileReference; lastKnownFileType = sourcecode.swift; path = SceneDelegate.swift; sourceTree = "<group>"; };
		AA78570226345711007A261D /* Assets.xcassets */ = {isa = PBXFileReference; lastKnownFileType = folder.assetcatalog; path = Assets.xcassets; sourceTree = "<group>"; };
		AA78570526345711007A261D /* Base */ = {isa = PBXFileReference; lastKnownFileType = file.storyboard; name = Base; path = Base.lproj/LaunchScreen.storyboard; sourceTree = "<group>"; };
		AA78570726345711007A261D /* Info.plist */ = {isa = PBXFileReference; lastKnownFileType = text.plist.xml; path = Info.plist; sourceTree = "<group>"; };
		AA8DFB562634599900260F6F /* MarketViewController.swift */ = {isa = PBXFileReference; lastKnownFileType = sourcecode.swift; path = MarketViewController.swift; sourceTree = "<group>"; };
		AA8DFB5A263459A300260F6F /* MarketPresenter.swift */ = {isa = PBXFileReference; lastKnownFileType = sourcecode.swift; path = MarketPresenter.swift; sourceTree = "<group>"; };
		AA8DFB5D263459AD00260F6F /* MarketCoordinator.swift */ = {isa = PBXFileReference; lastKnownFileType = sourcecode.swift; path = MarketCoordinator.swift; sourceTree = "<group>"; };
		AA8DFB6126345AB200260F6F /* Coordinator.swift */ = {isa = PBXFileReference; lastKnownFileType = sourcecode.swift; path = Coordinator.swift; sourceTree = "<group>"; };
		AA8DFB6626345B8E00260F6F /* MarketCell.swift */ = {isa = PBXFileReference; lastKnownFileType = sourcecode.swift; path = MarketCell.swift; sourceTree = "<group>"; };
		AA8DFB6D26345DAF00260F6F /* Images.swift */ = {isa = PBXFileReference; lastKnownFileType = sourcecode.swift; path = Images.swift; sourceTree = "<group>"; };
		AA8DFB712634937D00260F6F /* UICollectionView+Register.swift */ = {isa = PBXFileReference; lastKnownFileType = sourcecode.swift; path = "UICollectionView+Register.swift"; sourceTree = "<group>"; };
		AA8DFB74263494A500260F6F /* UIView+Constraints.swift */ = {isa = PBXFileReference; lastKnownFileType = sourcecode.swift; path = "UIView+Constraints.swift"; sourceTree = "<group>"; };
		AA8DFB77263499CC00260F6F /* Product+Decodable.swift */ = {isa = PBXFileReference; lastKnownFileType = sourcecode.swift; path = "Product+Decodable.swift"; sourceTree = "<group>"; };
		AA8DFB7B26349A7400260F6F /* Request.swift */ = {isa = PBXFileReference; lastKnownFileType = sourcecode.swift; path = Request.swift; sourceTree = "<group>"; };
		AA8DFB7F26349ABF00260F6F /* Reachability.swift */ = {isa = PBXFileReference; lastKnownFileType = sourcecode.swift; path = Reachability.swift; sourceTree = "<group>"; };
		AA8DFB8226349AF800260F6F /* NetworkError.swift */ = {isa = PBXFileReference; lastKnownFileType = sourcecode.swift; path = NetworkError.swift; sourceTree = "<group>"; };
		AAD9AFFF2634BC0C00A7C4E4 /* CartViewController.swift */ = {isa = PBXFileReference; lastKnownFileType = sourcecode.swift; path = CartViewController.swift; sourceTree = "<group>"; };
		AAD9B0022634BC2400A7C4E4 /* CartPresenter.swift */ = {isa = PBXFileReference; lastKnownFileType = sourcecode.swift; path = CartPresenter.swift; sourceTree = "<group>"; };
		AAD9B0052634BC2F00A7C4E4 /* CartCoordinator.swift */ = {isa = PBXFileReference; lastKnownFileType = sourcecode.swift; path = CartCoordinator.swift; sourceTree = "<group>"; };
		AAD9B0092634BCE200A7C4E4 /* CartCell.swift */ = {isa = PBXFileReference; lastKnownFileType = sourcecode.swift; path = CartCell.swift; sourceTree = "<group>"; };
		AAD9B00C2634BCF700A7C4E4 /* OrderItem.swift */ = {isa = PBXFileReference; lastKnownFileType = sourcecode.swift; path = OrderItem.swift; sourceTree = "<group>"; };
		AAD9B0112634BD4A00A7C4E4 /* Order.swift */ = {isa = PBXFileReference; lastKnownFileType = sourcecode.swift; path = Order.swift; sourceTree = "<group>"; };
		AAD9B0162634BDEB00A7C4E4 /* CoreDataStack.swift */ = {isa = PBXFileReference; lastKnownFileType = sourcecode.swift; path = CoreDataStack.swift; sourceTree = "<group>"; };
		AAD9B01A2634BFF500A7C4E4 /* OrderRepository.swift */ = {isa = PBXFileReference; lastKnownFileType = sourcecode.swift; path = OrderRepository.swift; sourceTree = "<group>"; };
		AAD9B0202634C25900A7C4E4 /* SimpleMarket.xcdatamodel */ = {isa = PBXFileReference; lastKnownFileType = wrapper.xcdatamodel; path = SimpleMarket.xcdatamodel; sourceTree = "<group>"; };
		AAD9B0292634C4C000A7C4E4 /* ProductDB+CoreDataClass.swift */ = {isa = PBXFileReference; lastKnownFileType = sourcecode.swift; name = "ProductDB+CoreDataClass.swift"; path = "/Users/kariny/Desktop/SimpleMarket/SimpleMarket/SimpleMarket/Models/Product/ProductDB+CoreDataClass.swift"; sourceTree = "<absolute>"; };
		AAD9B0342634C72600A7C4E4 /* OrderItemDB+CoreDataClass.swift */ = {isa = PBXFileReference; lastKnownFileType = sourcecode.swift; name = "OrderItemDB+CoreDataClass.swift"; path = "/Users/kariny/Desktop/SimpleMarket/SimpleMarket/SimpleMarket/Models/OrderItem/OrderItemDB+CoreDataClass.swift"; sourceTree = "<absolute>"; };
		AAD9B0372634C7C900A7C4E4 /* OrderDB+CoreDataClass.swift */ = {isa = PBXFileReference; lastKnownFileType = sourcecode.swift; name = "OrderDB+CoreDataClass.swift"; path = "/Users/kariny/Desktop/SimpleMarket/SimpleMarket/SimpleMarket/Models/Order/OrderDB+CoreDataClass.swift"; sourceTree = "<absolute>"; };
		AAE431D126349CCF007461F0 /* URLHelper.swift */ = {isa = PBXFileReference; lastKnownFileType = sourcecode.swift; path = URLHelper.swift; sourceTree = "<group>"; };
		AAE431D526349D2D007461F0 /* ProductAPIManager.swift */ = {isa = PBXFileReference; lastKnownFileType = sourcecode.swift; path = ProductAPIManager.swift; sourceTree = "<group>"; };
		AAE431D826349D77007461F0 /* Product.swift */ = {isa = PBXFileReference; lastKnownFileType = sourcecode.swift; path = Product.swift; sourceTree = "<group>"; };
		AAE431DC26349F6A007461F0 /* ProductEndpoint.swift */ = {isa = PBXFileReference; lastKnownFileType = sourcecode.swift; path = ProductEndpoint.swift; sourceTree = "<group>"; };
/* End PBXFileReference section */

/* Begin PBXFrameworksBuildPhase section */
		AA7856F326345710007A261D /* Frameworks */ = {
			isa = PBXFrameworksBuildPhase;
			buildActionMask = 2147483647;
			files = (
				AA3B4A2F26355448000C51E6 /* RealmSwift in Frameworks */,
				AA3B4A2D26355448000C51E6 /* Realm in Frameworks */,
				96B4731A486432E0E9F80021 /* Pods_SimpleMarket.framework in Frameworks */,
			);
			runOnlyForDeploymentPostprocessing = 0;
		};
/* End PBXFrameworksBuildPhase section */

/* Begin PBXGroup section */
		22CB1AC2D755FF5D1E13A31F /* Pods */ = {
			isa = PBXGroup;
			children = (
				94BEFC9FFA514F430F50F0F4 /* Pods-SimpleMarket.debug.xcconfig */,
				1E2EBE90D6220FBEDAD7BCB2 /* Pods-SimpleMarket.release.xcconfig */,
			);
			path = Pods;
			sourceTree = "<group>";
		};
		AA6496A12634D55B0067FB03 /* UserDefaults */ = {
			isa = PBXGroup;
			children = (
				AA6496A22634D56E0067FB03 /* UserDefaultsProtocol.swift */,
			);
			path = UserDefaults;
			sourceTree = "<group>";
		};
		AA7856ED26345710007A261D = {
			isa = PBXGroup;
			children = (
				AA7856F826345710007A261D /* SimpleMarket */,
				AA7856F726345710007A261D /* Products */,
				22CB1AC2D755FF5D1E13A31F /* Pods */,
				F6889FAA7A653EF7901C5C67 /* Frameworks */,
			);
			sourceTree = "<group>";
		};
		AA7856F726345710007A261D /* Products */ = {
			isa = PBXGroup;
			children = (
				AA7856F626345710007A261D /* SimpleMarket.app */,
			);
			name = Products;
			sourceTree = "<group>";
		};
		AA7856F826345710007A261D /* SimpleMarket */ = {
			isa = PBXGroup;
			children = (
				AA7856F926345710007A261D /* AppDelegate.swift */,
				AA7856FB26345710007A261D /* SceneDelegate.swift */,
				AA8DFB52263458C000260F6F /* Scenes */,
				AA8DFB542634594F00260F6F /* Services */,
				AA8DFB6A26345C3400260F6F /* Helpers */,
				AA8DFB702634936300260F6F /* Extensions */,
				AA8DFB532634594600260F6F /* Models */,
				AAD9B0152634BDCB00A7C4E4 /* Database */,
				AA8DFB6C26345DA200260F6F /* Resources */,
				AA78570226345711007A261D /* Assets.xcassets */,
				AA78570426345711007A261D /* LaunchScreen.storyboard */,
				AA78570726345711007A261D /* Info.plist */,
			);
			path = SimpleMarket;
			sourceTree = "<group>";
		};
		AA8DFB52263458C000260F6F /* Scenes */ = {
			isa = PBXGroup;
			children = (
				AA8DFB6026345AA300260F6F /* Common */,
				AA8DFB552634598100260F6F /* Market */,
				AAD9AFFE2634BBE300A7C4E4 /* Cart */,
			);
			path = Scenes;
			sourceTree = "<group>";
		};
		AA8DFB532634594600260F6F /* Models */ = {
			isa = PBXGroup;
			children = (
				AAE431E02634A6A2007461F0 /* Product */,
				AAD9B00F2634BCFE00A7C4E4 /* Order */,
				AAD9B02E2634C61D00A7C4E4 /* OrderItem */,
			);
			path = Models;
			sourceTree = "<group>";
		};
		AA8DFB542634594F00260F6F /* Services */ = {
			isa = PBXGroup;
			children = (
				AA8DFB8826349B3800260F6F /* Network */,
				AA8DFB7A26349A5100260F6F /* ProductAPI */,
			);
			path = Services;
			sourceTree = "<group>";
		};
		AA8DFB552634598100260F6F /* Market */ = {
			isa = PBXGroup;
			children = (
				AA8DFB6526345B7900260F6F /* Cells */,
				AA8DFB562634599900260F6F /* MarketViewController.swift */,
				AA8DFB5A263459A300260F6F /* MarketPresenter.swift */,
				AA8DFB5D263459AD00260F6F /* MarketCoordinator.swift */,
			);
			path = Market;
			sourceTree = "<group>";
		};
		AA8DFB6026345AA300260F6F /* Common */ = {
			isa = PBXGroup;
			children = (
				AA8DFB6126345AB200260F6F /* Coordinator.swift */,
			);
			path = Common;
			sourceTree = "<group>";
		};
		AA8DFB6526345B7900260F6F /* Cells */ = {
			isa = PBXGroup;
			children = (
				AA8DFB6626345B8E00260F6F /* MarketCell.swift */,
			);
			path = Cells;
			sourceTree = "<group>";
		};
		AA8DFB6A26345C3400260F6F /* Helpers */ = {
			isa = PBXGroup;
			children = (
				AAE431D126349CCF007461F0 /* URLHelper.swift */,
			);
			path = Helpers;
			sourceTree = "<group>";
		};
		AA8DFB6C26345DA200260F6F /* Resources */ = {
			isa = PBXGroup;
			children = (
				AA8DFB6D26345DAF00260F6F /* Images.swift */,
			);
			path = Resources;
			sourceTree = "<group>";
		};
		AA8DFB702634936300260F6F /* Extensions */ = {
			isa = PBXGroup;
			children = (
				AA6496A52634D83A0067FB03 /* UITableView+Register.swift */,
				AA8DFB712634937D00260F6F /* UICollectionView+Register.swift */,
				AA8DFB74263494A500260F6F /* UIView+Constraints.swift */,
				AA1903542634AAB500230B73 /* Double+Formatting.swift */,
			);
			path = Extensions;
			sourceTree = "<group>";
		};
		AA8DFB7A26349A5100260F6F /* ProductAPI */ = {
			isa = PBXGroup;
			children = (
				AAE431D526349D2D007461F0 /* ProductAPIManager.swift */,
				AAE431DC26349F6A007461F0 /* ProductEndpoint.swift */,
				AA1903442634A84B00230B73 /* ProductAPIRequest.swift */,
			);
			path = ProductAPI;
			sourceTree = "<group>";
		};
		AA8DFB8826349B3800260F6F /* Network */ = {
			isa = PBXGroup;
			children = (
				AA8DFB7B26349A7400260F6F /* Request.swift */,
				AA8DFB8226349AF800260F6F /* NetworkError.swift */,
				AA8DFB7F26349ABF00260F6F /* Reachability.swift */,
			);
			path = Network;
			sourceTree = "<group>";
		};
		AAD9AFFE2634BBE300A7C4E4 /* Cart */ = {
			isa = PBXGroup;
			children = (
				AAD9B0082634BCD600A7C4E4 /* Cell */,
				AAD9AFFF2634BC0C00A7C4E4 /* CartViewController.swift */,
				AAD9B0022634BC2400A7C4E4 /* CartPresenter.swift */,
				AAD9B0052634BC2F00A7C4E4 /* CartCoordinator.swift */,
			);
			path = Cart;
			sourceTree = "<group>";
		};
		AAD9B0082634BCD600A7C4E4 /* Cell */ = {
			isa = PBXGroup;
			children = (
				AAD9B0092634BCE200A7C4E4 /* CartCell.swift */,
			);
			path = Cell;
			sourceTree = "<group>";
		};
		AAD9B00F2634BCFE00A7C4E4 /* Order */ = {
			isa = PBXGroup;
			children = (
				AAD9B0112634BD4A00A7C4E4 /* Order.swift */,
				AAD9B0372634C7C900A7C4E4 /* OrderDB+CoreDataClass.swift */,
			);
			path = Order;
			sourceTree = "<group>";
		};
		AAD9B0152634BDCB00A7C4E4 /* Database */ = {
			isa = PBXGroup;
			children = (
				AA6496A12634D55B0067FB03 /* UserDefaults */,
				AAD9B01F2634C25900A7C4E4 /* SimpleMarket.xcdatamodeld */,
				AAD9B0162634BDEB00A7C4E4 /* CoreDataStack.swift */,
				AAD9B01A2634BFF500A7C4E4 /* OrderRepository.swift */,
				AA64969A2634CD5D0067FB03 /* OrderItemRepository.swift */,
				AA64969E2634CE4F0067FB03 /* ProductRepository.swift */,
			);
			path = Database;
			sourceTree = "<group>";
		};
		AAD9B02E2634C61D00A7C4E4 /* OrderItem */ = {
			isa = PBXGroup;
			children = (
				AAD9B00C2634BCF700A7C4E4 /* OrderItem.swift */,
				AAD9B0342634C72600A7C4E4 /* OrderItemDB+CoreDataClass.swift */,
			);
			path = OrderItem;
			sourceTree = "<group>";
		};
		AAE431E02634A6A2007461F0 /* Product */ = {
			isa = PBXGroup;
			children = (
				AAE431D826349D77007461F0 /* Product.swift */,
				AA8DFB77263499CC00260F6F /* Product+Decodable.swift */,
				AAD9B0292634C4C000A7C4E4 /* ProductDB+CoreDataClass.swift */,
			);
			path = Product;
			sourceTree = "<group>";
		};
		F6889FAA7A653EF7901C5C67 /* Frameworks */ = {
			isa = PBXGroup;
			children = (
				358279ADA1F0B27071F0AA19 /* Pods_SimpleMarket.framework */,
			);
			name = Frameworks;
			sourceTree = "<group>";
		};
/* End PBXGroup section */

/* Begin PBXNativeTarget section */
		AA7856F526345710007A261D /* SimpleMarket */ = {
			isa = PBXNativeTarget;
			buildConfigurationList = AA78570A26345711007A261D /* Build configuration list for PBXNativeTarget "SimpleMarket" */;
			buildPhases = (
				FE660B64B7C27AA94334FE28 /* [CP] Check Pods Manifest.lock */,
				AAED2EE72634BA0D00E4980F /* SwiftLint */,
				AA7856F226345710007A261D /* Sources */,
				AA7856F326345710007A261D /* Frameworks */,
				AA7856F426345710007A261D /* Resources */,
			);
			buildRules = (
			);
			dependencies = (
			);
			name = SimpleMarket;
			packageProductDependencies = (
				AA3B4A2C26355448000C51E6 /* Realm */,
				AA3B4A2E26355448000C51E6 /* RealmSwift */,
			);
			productName = SimpleMarket;
			productReference = AA7856F626345710007A261D /* SimpleMarket.app */;
			productType = "com.apple.product-type.application";
		};
/* End PBXNativeTarget section */

/* Begin PBXProject section */
		AA7856EE26345710007A261D /* Project object */ = {
			isa = PBXProject;
			attributes = {
				LastSwiftUpdateCheck = 1240;
				LastUpgradeCheck = 1240;
				TargetAttributes = {
					AA7856F526345710007A261D = {
						CreatedOnToolsVersion = 12.4;
					};
				};
			};
			buildConfigurationList = AA7856F126345710007A261D /* Build configuration list for PBXProject "SimpleMarket" */;
			compatibilityVersion = "Xcode 9.3";
			developmentRegion = en;
			hasScannedForEncodings = 0;
			knownRegions = (
				en,
				Base,
			);
			mainGroup = AA7856ED26345710007A261D;
			packageReferences = (
				AA3B4A2B26355448000C51E6 /* XCRemoteSwiftPackageReference "realm-cocoa" */,
			);
			productRefGroup = AA7856F726345710007A261D /* Products */;
			projectDirPath = "";
			projectRoot = "";
			targets = (
				AA7856F526345710007A261D /* SimpleMarket */,
			);
		};
/* End PBXProject section */

/* Begin PBXResourcesBuildPhase section */
		AA7856F426345710007A261D /* Resources */ = {
			isa = PBXResourcesBuildPhase;
			buildActionMask = 2147483647;
			files = (
				AA78570626345711007A261D /* LaunchScreen.storyboard in Resources */,
				AA78570326345711007A261D /* Assets.xcassets in Resources */,
			);
			runOnlyForDeploymentPostprocessing = 0;
		};
/* End PBXResourcesBuildPhase section */

/* Begin PBXShellScriptBuildPhase section */
		AAED2EE72634BA0D00E4980F /* SwiftLint */ = {
			isa = PBXShellScriptBuildPhase;
			buildActionMask = 2147483647;
			files = (
			);
			inputFileListPaths = (
			);
			inputPaths = (
			);
			name = SwiftLint;
			outputFileListPaths = (
			);
			outputPaths = (
			);
			runOnlyForDeploymentPostprocessing = 0;
			shellPath = /bin/sh;
			shellScript = "if which swiftlint >/dev/null; then\n  swiftlint\nelse\n  echo \"warning: SwiftLint not installed, download from https://github.com/realm/SwiftLint\"\nfi\n";
		};
		FE660B64B7C27AA94334FE28 /* [CP] Check Pods Manifest.lock */ = {
			isa = PBXShellScriptBuildPhase;
			buildActionMask = 2147483647;
			files = (
			);
			inputFileListPaths = (
			);
			inputPaths = (
				"${PODS_PODFILE_DIR_PATH}/Podfile.lock",
				"${PODS_ROOT}/Manifest.lock",
			);
			name = "[CP] Check Pods Manifest.lock";
			outputFileListPaths = (
			);
			outputPaths = (
				"$(DERIVED_FILE_DIR)/Pods-SimpleMarket-checkManifestLockResult.txt",
			);
			runOnlyForDeploymentPostprocessing = 0;
			shellPath = /bin/sh;
			shellScript = "diff \"${PODS_PODFILE_DIR_PATH}/Podfile.lock\" \"${PODS_ROOT}/Manifest.lock\" > /dev/null\nif [ $? != 0 ] ; then\n    # print error to STDERR\n    echo \"error: The sandbox is not in sync with the Podfile.lock. Run 'pod install' or update your CocoaPods installation.\" >&2\n    exit 1\nfi\n# This output is used by Xcode 'outputs' to avoid re-running this script phase.\necho \"SUCCESS\" > \"${SCRIPT_OUTPUT_FILE_0}\"\n";
			showEnvVarsInLog = 0;
		};
/* End PBXShellScriptBuildPhase section */

/* Begin PBXSourcesBuildPhase section */
		AA7856F226345710007A261D /* Sources */ = {
			isa = PBXSourcesBuildPhase;
			buildActionMask = 2147483647;
			files = (
				AA8DFB8026349ABF00260F6F /* Reachability.swift in Sources */,
				AAD9B0212634C25900A7C4E4 /* SimpleMarket.xcdatamodeld in Sources */,
				AA1903452634A84B00230B73 /* ProductAPIRequest.swift in Sources */,
				AAE431D626349D2D007461F0 /* ProductAPIManager.swift in Sources */,
				AA6496A32634D56E0067FB03 /* UserDefaultsProtocol.swift in Sources */,
				AAD9B0172634BDEB00A7C4E4 /* CoreDataStack.swift in Sources */,
				AA1903552634AAB500230B73 /* Double+Formatting.swift in Sources */,
				AA8DFB7C26349A7400260F6F /* Request.swift in Sources */,
				AA7856FA26345710007A261D /* AppDelegate.swift in Sources */,
				AA8DFB6726345B8E00260F6F /* MarketCell.swift in Sources */,
				AAD9B0062634BC2F00A7C4E4 /* CartCoordinator.swift in Sources */,
				AAD9B0352634C72600A7C4E4 /* OrderItemDB+CoreDataClass.swift in Sources */,
				AA7856FC26345710007A261D /* SceneDelegate.swift in Sources */,
				AAD9B0032634BC2400A7C4E4 /* CartPresenter.swift in Sources */,
				AAD9B0122634BD4A00A7C4E4 /* Order.swift in Sources */,
				AA8DFB6E26345DAF00260F6F /* Images.swift in Sources */,
				AAD9B02B2634C4C000A7C4E4 /* ProductDB+CoreDataClass.swift in Sources */,
				AA8DFB5B263459A300260F6F /* MarketPresenter.swift in Sources */,
				AA6496A62634D83A0067FB03 /* UITableView+Register.swift in Sources */,
				AA8DFB572634599900260F6F /* MarketViewController.swift in Sources */,
				AA8DFB8326349AF800260F6F /* NetworkError.swift in Sources */,
				AAE431D926349D77007461F0 /* Product.swift in Sources */,
				AA8DFB722634937D00260F6F /* UICollectionView+Register.swift in Sources */,
				AA64969F2634CE4F0067FB03 /* ProductRepository.swift in Sources */,
				AAE431DD26349F6A007461F0 /* ProductEndpoint.swift in Sources */,
				AAD9B00D2634BCF700A7C4E4 /* OrderItem.swift in Sources */,
				AA8DFB5E263459AD00260F6F /* MarketCoordinator.swift in Sources */,
				AAD9B0002634BC0C00A7C4E4 /* CartViewController.swift in Sources */,
				AAD9B00A2634BCE200A7C4E4 /* CartCell.swift in Sources */,
				AA8DFB75263494A500260F6F /* UIView+Constraints.swift in Sources */,
				AAD9B01B2634BFF500A7C4E4 /* OrderRepository.swift in Sources */,
				AAD9B0382634C7C900A7C4E4 /* OrderDB+CoreDataClass.swift in Sources */,
				AA64969B2634CD5D0067FB03 /* OrderItemRepository.swift in Sources */,
				AAE431D226349CCF007461F0 /* URLHelper.swift in Sources */,
				AA8DFB78263499CC00260F6F /* Product+Decodable.swift in Sources */,
				AA8DFB6226345AB200260F6F /* Coordinator.swift in Sources */,
			);
			runOnlyForDeploymentPostprocessing = 0;
		};
/* End PBXSourcesBuildPhase section */

/* Begin PBXVariantGroup section */
		AA78570426345711007A261D /* LaunchScreen.storyboard */ = {
			isa = PBXVariantGroup;
			children = (
				AA78570526345711007A261D /* Base */,
			);
			name = LaunchScreen.storyboard;
			sourceTree = "<group>";
		};
/* End PBXVariantGroup section */

/* Begin XCBuildConfiguration section */
		AA78570826345711007A261D /* Debug */ = {
			isa = XCBuildConfiguration;
			buildSettings = {
				ALWAYS_SEARCH_USER_PATHS = NO;
				CLANG_ANALYZER_NONNULL = YES;
				CLANG_ANALYZER_NUMBER_OBJECT_CONVERSION = YES_AGGRESSIVE;
				CLANG_CXX_LANGUAGE_STANDARD = "gnu++14";
				CLANG_CXX_LIBRARY = "libc++";
				CLANG_ENABLE_MODULES = YES;
				CLANG_ENABLE_OBJC_ARC = YES;
				CLANG_ENABLE_OBJC_WEAK = YES;
				CLANG_WARN_BLOCK_CAPTURE_AUTORELEASING = YES;
				CLANG_WARN_BOOL_CONVERSION = YES;
				CLANG_WARN_COMMA = YES;
				CLANG_WARN_CONSTANT_CONVERSION = YES;
				CLANG_WARN_DEPRECATED_OBJC_IMPLEMENTATIONS = YES;
				CLANG_WARN_DIRECT_OBJC_ISA_USAGE = YES_ERROR;
				CLANG_WARN_DOCUMENTATION_COMMENTS = YES;
				CLANG_WARN_EMPTY_BODY = YES;
				CLANG_WARN_ENUM_CONVERSION = YES;
				CLANG_WARN_INFINITE_RECURSION = YES;
				CLANG_WARN_INT_CONVERSION = YES;
				CLANG_WARN_NON_LITERAL_NULL_CONVERSION = YES;
				CLANG_WARN_OBJC_IMPLICIT_RETAIN_SELF = YES;
				CLANG_WARN_OBJC_LITERAL_CONVERSION = YES;
				CLANG_WARN_OBJC_ROOT_CLASS = YES_ERROR;
				CLANG_WARN_QUOTED_INCLUDE_IN_FRAMEWORK_HEADER = YES;
				CLANG_WARN_RANGE_LOOP_ANALYSIS = YES;
				CLANG_WARN_STRICT_PROTOTYPES = YES;
				CLANG_WARN_SUSPICIOUS_MOVE = YES;
				CLANG_WARN_UNGUARDED_AVAILABILITY = YES_AGGRESSIVE;
				CLANG_WARN_UNREACHABLE_CODE = YES;
				CLANG_WARN__DUPLICATE_METHOD_MATCH = YES;
				COPY_PHASE_STRIP = NO;
				DEBUG_INFORMATION_FORMAT = dwarf;
				ENABLE_STRICT_OBJC_MSGSEND = YES;
				ENABLE_TESTABILITY = YES;
				GCC_C_LANGUAGE_STANDARD = gnu11;
				GCC_DYNAMIC_NO_PIC = NO;
				GCC_NO_COMMON_BLOCKS = YES;
				GCC_OPTIMIZATION_LEVEL = 0;
				GCC_PREPROCESSOR_DEFINITIONS = (
					"DEBUG=1",
					"$(inherited)",
				);
				GCC_WARN_64_TO_32_BIT_CONVERSION = YES;
				GCC_WARN_ABOUT_RETURN_TYPE = YES_ERROR;
				GCC_WARN_UNDECLARED_SELECTOR = YES;
				GCC_WARN_UNINITIALIZED_AUTOS = YES_AGGRESSIVE;
				GCC_WARN_UNUSED_FUNCTION = YES;
				GCC_WARN_UNUSED_VARIABLE = YES;
				IPHONEOS_DEPLOYMENT_TARGET = 14.4;
				MTL_ENABLE_DEBUG_INFO = INCLUDE_SOURCE;
				MTL_FAST_MATH = YES;
				ONLY_ACTIVE_ARCH = YES;
				SDKROOT = iphoneos;
				SWIFT_ACTIVE_COMPILATION_CONDITIONS = DEBUG;
				SWIFT_OPTIMIZATION_LEVEL = "-Onone";
			};
			name = Debug;
		};
		AA78570926345711007A261D /* Release */ = {
			isa = XCBuildConfiguration;
			buildSettings = {
				ALWAYS_SEARCH_USER_PATHS = NO;
				CLANG_ANALYZER_NONNULL = YES;
				CLANG_ANALYZER_NUMBER_OBJECT_CONVERSION = YES_AGGRESSIVE;
				CLANG_CXX_LANGUAGE_STANDARD = "gnu++14";
				CLANG_CXX_LIBRARY = "libc++";
				CLANG_ENABLE_MODULES = YES;
				CLANG_ENABLE_OBJC_ARC = YES;
				CLANG_ENABLE_OBJC_WEAK = YES;
				CLANG_WARN_BLOCK_CAPTURE_AUTORELEASING = YES;
				CLANG_WARN_BOOL_CONVERSION = YES;
				CLANG_WARN_COMMA = YES;
				CLANG_WARN_CONSTANT_CONVERSION = YES;
				CLANG_WARN_DEPRECATED_OBJC_IMPLEMENTATIONS = YES;
				CLANG_WARN_DIRECT_OBJC_ISA_USAGE = YES_ERROR;
				CLANG_WARN_DOCUMENTATION_COMMENTS = YES;
				CLANG_WARN_EMPTY_BODY = YES;
				CLANG_WARN_ENUM_CONVERSION = YES;
				CLANG_WARN_INFINITE_RECURSION = YES;
				CLANG_WARN_INT_CONVERSION = YES;
				CLANG_WARN_NON_LITERAL_NULL_CONVERSION = YES;
				CLANG_WARN_OBJC_IMPLICIT_RETAIN_SELF = YES;
				CLANG_WARN_OBJC_LITERAL_CONVERSION = YES;
				CLANG_WARN_OBJC_ROOT_CLASS = YES_ERROR;
				CLANG_WARN_QUOTED_INCLUDE_IN_FRAMEWORK_HEADER = YES;
				CLANG_WARN_RANGE_LOOP_ANALYSIS = YES;
				CLANG_WARN_STRICT_PROTOTYPES = YES;
				CLANG_WARN_SUSPICIOUS_MOVE = YES;
				CLANG_WARN_UNGUARDED_AVAILABILITY = YES_AGGRESSIVE;
				CLANG_WARN_UNREACHABLE_CODE = YES;
				CLANG_WARN__DUPLICATE_METHOD_MATCH = YES;
				COPY_PHASE_STRIP = NO;
				DEBUG_INFORMATION_FORMAT = "dwarf-with-dsym";
				ENABLE_NS_ASSERTIONS = NO;
				ENABLE_STRICT_OBJC_MSGSEND = YES;
				GCC_C_LANGUAGE_STANDARD = gnu11;
				GCC_NO_COMMON_BLOCKS = YES;
				GCC_WARN_64_TO_32_BIT_CONVERSION = YES;
				GCC_WARN_ABOUT_RETURN_TYPE = YES_ERROR;
				GCC_WARN_UNDECLARED_SELECTOR = YES;
				GCC_WARN_UNINITIALIZED_AUTOS = YES_AGGRESSIVE;
				GCC_WARN_UNUSED_FUNCTION = YES;
				GCC_WARN_UNUSED_VARIABLE = YES;
				IPHONEOS_DEPLOYMENT_TARGET = 14.4;
				MTL_ENABLE_DEBUG_INFO = NO;
				MTL_FAST_MATH = YES;
				SDKROOT = iphoneos;
				SWIFT_COMPILATION_MODE = wholemodule;
				SWIFT_OPTIMIZATION_LEVEL = "-O";
				VALIDATE_PRODUCT = YES;
			};
			name = Release;
		};
		AA78570B26345711007A261D /* Debug */ = {
			isa = XCBuildConfiguration;
			baseConfigurationReference = 94BEFC9FFA514F430F50F0F4 /* Pods-SimpleMarket.debug.xcconfig */;
			buildSettings = {
				ASSETCATALOG_COMPILER_APPICON_NAME = AppIcon;
				ASSETCATALOG_COMPILER_GLOBAL_ACCENT_COLOR_NAME = AccentColor;
				CODE_SIGN_STYLE = Automatic;
				INFOPLIST_FILE = SimpleMarket/Info.plist;
				LD_RUNPATH_SEARCH_PATHS = (
					"$(inherited)",
					"@executable_path/Frameworks",
				);
				PRODUCT_BUNDLE_IDENTIFIER = com.karinyfreitas.SimpleMarket;
				PRODUCT_NAME = "$(TARGET_NAME)";
				SWIFT_VERSION = 5.0;
				TARGETED_DEVICE_FAMILY = "1,2";
			};
			name = Debug;
		};
		AA78570C26345711007A261D /* Release */ = {
			isa = XCBuildConfiguration;
			baseConfigurationReference = 1E2EBE90D6220FBEDAD7BCB2 /* Pods-SimpleMarket.release.xcconfig */;
			buildSettings = {
				ASSETCATALOG_COMPILER_APPICON_NAME = AppIcon;
				ASSETCATALOG_COMPILER_GLOBAL_ACCENT_COLOR_NAME = AccentColor;
				CODE_SIGN_STYLE = Automatic;
				INFOPLIST_FILE = SimpleMarket/Info.plist;
				LD_RUNPATH_SEARCH_PATHS = (
					"$(inherited)",
					"@executable_path/Frameworks",
				);
				PRODUCT_BUNDLE_IDENTIFIER = com.karinyfreitas.SimpleMarket;
				PRODUCT_NAME = "$(TARGET_NAME)";
				SWIFT_VERSION = 5.0;
				TARGETED_DEVICE_FAMILY = "1,2";
			};
			name = Release;
		};
/* End XCBuildConfiguration section */

/* Begin XCConfigurationList section */
		AA7856F126345710007A261D /* Build configuration list for PBXProject "SimpleMarket" */ = {
			isa = XCConfigurationList;
			buildConfigurations = (
				AA78570826345711007A261D /* Debug */,
				AA78570926345711007A261D /* Release */,
			);
			defaultConfigurationIsVisible = 0;
			defaultConfigurationName = Release;
		};
		AA78570A26345711007A261D /* Build configuration list for PBXNativeTarget "SimpleMarket" */ = {
			isa = XCConfigurationList;
			buildConfigurations = (
				AA78570B26345711007A261D /* Debug */,
				AA78570C26345711007A261D /* Release */,
			);
			defaultConfigurationIsVisible = 0;
			defaultConfigurationName = Release;
		};
/* End XCConfigurationList section */

/* Begin XCRemoteSwiftPackageReference section */
		AA3B4A2B26355448000C51E6 /* XCRemoteSwiftPackageReference "realm-cocoa" */ = {
			isa = XCRemoteSwiftPackageReference;
			repositoryURL = "https://github.com/realm/realm-cocoa.git";
			requirement = {
				kind = upToNextMajorVersion;
				minimumVersion = 10.7.3;
			};
		};
/* End XCRemoteSwiftPackageReference section */

/* Begin XCSwiftPackageProductDependency section */
		AA3B4A2C26355448000C51E6 /* Realm */ = {
			isa = XCSwiftPackageProductDependency;
			package = AA3B4A2B26355448000C51E6 /* XCRemoteSwiftPackageReference "realm-cocoa" */;
			productName = Realm;
		};
		AA3B4A2E26355448000C51E6 /* RealmSwift */ = {
			isa = XCSwiftPackageProductDependency;
			package = AA3B4A2B26355448000C51E6 /* XCRemoteSwiftPackageReference "realm-cocoa" */;
			productName = RealmSwift;
		};
/* End XCSwiftPackageProductDependency section */

/* Begin XCVersionGroup section */
		AAD9B01F2634C25900A7C4E4 /* SimpleMarket.xcdatamodeld */ = {
			isa = XCVersionGroup;
			children = (
				AAD9B0202634C25900A7C4E4 /* SimpleMarket.xcdatamodel */,
			);
			currentVersion = AAD9B0202634C25900A7C4E4 /* SimpleMarket.xcdatamodel */;
			path = SimpleMarket.xcdatamodeld;
			sourceTree = "<group>";
			versionGroupType = wrapper.xcdatamodel;
		};
/* End XCVersionGroup section */
	};
	rootObject = AA7856EE26345710007A261D /* Project object */;
}
